
Microsoft Visual Studio Solution File, Format Version 12.00
# Visual Studio Version 17
VisualStudioVersion = 17.2.32630.192
MinimumVisualStudioVersion = 10.0.40219.1
Project("{FAE04EC0-301F-11D3-BF4B-00C04F79EFBC}") = "JwtWebAppiTutorial", "JwtWebAppiTutorial\JwtWebAppiTutorial.csproj", "{C056D3E3-9881-49C0-B9AF-886A9879D3DC}"
EndProject
Global
	GlobalSection(SolutionConfigurationPlatforms) = preSolution
		Debug|Any CPU = Debug|Any CPU
		Release|Any CPU = Release|Any CPU
	EndGlobalSection
	GlobalSection(ProjectConfigurationPlatforms) = postSolution
		{C056D3E3-9881-49C0-B9AF-886A9879D3DC}.Debug|Any CPU.ActiveCfg = Debug|Any CPU
		{C056D3E3-9881-49C0-B9AF-886A9879D3DC}.Debug|Any CPU.Build.0 = Debug|Any CPU
		{C056D3E3-9881-49C0-B9AF-886A9879D3DC}.Release|Any CPU.ActiveCfg = Release|Any CPU
		{C056D3E3-9881-49C0-B9AF-886A9879D3DC}.Release|Any CPU.Build.0 = Release|Any CPU
	EndGlobalSection
	GlobalSection(SolutionProperties) = preSolution
		HideSolutionNode = FALSE
	EndGlobalSection
	GlobalSection(ExtensibilityGlobals) = postSolution
		SolutionGuid = {4D47F46E-7594-4267-AC23-509424EAA748}
	EndGlobalSection
EndGlobal
